
Microsoft Visual Studio Solution File, Format Version 12.00
# Visual Studio 14
VisualStudioVersion = 14.0.25420.1
MinimumVisualStudioVersion = 10.0.40219.1
Project("{2150E333-8FDC-42A3-9474-1A3956D46DE8}") = "01_StartUp", "01_StartUp", "{1E2F93F4-0364-4F41-957E-DA04DE220D00}"
EndProject
Project("{2150E333-8FDC-42A3-9474-1A3956D46DE8}") = "03_DBTool", "03_DBTool", "{03B24AD3-CFA5-4938-8167-67FDCBCFF2A2}"
EndProject
Project("{2150E333-8FDC-42A3-9474-1A3956D46DE8}") = "02_Global", "02_Global", "{F8F3C268-A063-412F-91DA-3D7416393A95}"
EndProject
Project("{FAE04EC0-301F-11D3-BF4B-00C04F79EFBC}") = "Breezee.WorkHelper.WinForm.StartUp", "StartUp\Breezee.WorkHelper.WinForm.StartUp\Breezee.WorkHelper.WinForm.StartUp.csproj", "{4F2C9DBA-67DB-4A07-93A0-2CC065DCC8F3}"
	ProjectSection(ProjectDependencies) = postProject
		{202B5187-5E48-4347-BC56-A07B34FC231B} = {202B5187-5E48-4347-BC56-A07B34FC231B}
		{ED4604BF-F7FD-4300-B9CB-2D954D40D8B2} = {ED4604BF-F7FD-4300-B9CB-2D954D40D8B2}
		{93FCF9E4-1362-4E2B-BA55-BDA8F2856FC1} = {93FCF9E4-1362-4E2B-BA55-BDA8F2856FC1}
	EndProjectSection
EndProject
Project("{FAE04EC0-301F-11D3-BF4B-00C04F79EFBC}") = "Breezee.WorkHelper.WPF.BrowserApp", "StartUp\Breezee.WorkHelper.WPF.BrowserApp\Breezee.WorkHelper.WPF.BrowserApp.csproj", "{22710E71-E104-4B90-8BAF-98B69916ACF4}"
	ProjectSection(ProjectDependencies) = postProject
		{4F2C9DBA-67DB-4A07-93A0-2CC065DCC8F3} = {4F2C9DBA-67DB-4A07-93A0-2CC065DCC8F3}
		{47C5C8DE-534A-4BE6-81F3-272A724718B0} = {47C5C8DE-534A-4BE6-81F3-272A724718B0}
	EndProjectSection
EndProject
Project("{FAE04EC0-301F-11D3-BF4B-00C04F79EFBC}") = "Breezee.WorkHelper.WPF.StartUp", "StartUp\Breezee.WorkHelper.WPF.StartUp\Breezee.WorkHelper.WPF.StartUp.csproj", "{47C5C8DE-534A-4BE6-81F3-272A724718B0}"
	ProjectSection(ProjectDependencies) = postProject
		{ED4604BF-F7FD-4300-B9CB-2D954D40D8B2} = {ED4604BF-F7FD-4300-B9CB-2D954D40D8B2}
		{93FCF9E4-1362-4E2B-BA55-BDA8F2856FC1} = {93FCF9E4-1362-4E2B-BA55-BDA8F2856FC1}
	EndProjectSection
EndProject
Project("{FAE04EC0-301F-11D3-BF4B-00C04F79EFBC}") = "Breezee.WorkHelper.Tool", "Global\Breezee.WorkHelper.Tool\Breezee.WorkHelper.Tool.csproj", "{93FCF9E4-1362-4E2B-BA55-BDA8F2856FC1}"
EndProject
Project("{FAE04EC0-301F-11D3-BF4B-00C04F79EFBC}") = "Breezee.WorkHelper.Entity", "Global\Breezee.WorkHelper.Entity\Breezee.WorkHelper.Entity.csproj", "{202B5187-5E48-4347-BC56-A07B34FC231B}"
EndProject
Project("{FAE04EC0-301F-11D3-BF4B-00C04F79EFBC}") = "Breezee.WorkHelper.Core", "Global\Breezee.WorkHelper.Core\Breezee.WorkHelper.Core.csproj", "{ED4604BF-F7FD-4300-B9CB-2D954D40D8B2}"
EndProject
Project("{FAE04EC0-301F-11D3-BF4B-00C04F79EFBC}") = "Breezee.WorkHelper.DBTool.BUS", "DBTool\Breezee.WorkHelper.DBTool.BUS\Breezee.WorkHelper.DBTool.BUS.csproj", "{7D942849-7ADD-4D61-B4C2-F86E8DA595D9}"
EndProject
Project("{FAE04EC0-301F-11D3-BF4B-00C04F79EFBC}") = "Breezee.WorkHelper.DBTool.DAC", "DBTool\Breezee.WorkHelper.DBTool.DAC\Breezee.WorkHelper.DBTool.DAC.csproj", "{8DA14052-DB9F-473D-8DE3-F615B6128EBF}"
EndProject
Project("{FAE04EC0-301F-11D3-BF4B-00C04F79EFBC}") = "Breezee.WorkHelper.DBTool.Entity", "DBTool\Breezee.WorkHelper.DBTool.Entity\Breezee.WorkHelper.DBTool.Entity.csproj", "{85A8D661-4887-4F51-9F93-A879E25AA0E9}"
EndProject
Project("{FAE04EC0-301F-11D3-BF4B-00C04F79EFBC}") = "Breezee.WorkHelper.DBTool.IDAC", "DBTool\Breezee.WorkHelper.DBTool.IDAC\Breezee.WorkHelper.DBTool.IDAC.csproj", "{AD1CFE4B-050E-4EE3-A6D8-9441BEB96413}"
EndProject
Project("{FAE04EC0-301F-11D3-BF4B-00C04F79EFBC}") = "Breezee.WorkHelper.DBTool.INF", "DBTool\Breezee.WorkHelper.DBTool.INF\Breezee.WorkHelper.DBTool.INF.csproj", "{10CF8AD6-81EE-4F4B-BA29-3C6153027B28}"
EndProject
Project("{FAE04EC0-301F-11D3-BF4B-00C04F79EFBC}") = "Breezee.WorkHelper.DBTool.UI", "DBTool\Breezee.WorkHelper.DBTool.UI\Breezee.WorkHelper.DBTool.UI.csproj", "{9CDAD45F-EA5D-4D52-8441-234D3CEE2F70}"
EndProject
Project("{FAE04EC0-301F-11D3-BF4B-00C04F79EFBC}") = "Breezee.WorkHelper.DBTool.DAC.SQLite", "DBTool\Breezee.WorkHelper.DBTool.DAC.SQLite\Breezee.WorkHelper.DBTool.DAC.SQLite.csproj", "{A5CEBEFC-5CCD-4458-8CF2-DAD9D0E85B43}"
	ProjectSection(ProjectDependencies) = postProject
		{8DA14052-DB9F-473D-8DE3-F615B6128EBF} = {8DA14052-DB9F-473D-8DE3-F615B6128EBF}
	EndProjectSection
EndProject
Global
	GlobalSection(SolutionConfigurationPlatforms) = preSolution
		Debug|Any CPU = Debug|Any CPU
		Debug|x86 = Debug|x86
		Release|Any CPU = Release|Any CPU
		Release|x86 = Release|x86
	EndGlobalSection
	GlobalSection(ProjectConfigurationPlatforms) = postSolution
		{4F2C9DBA-67DB-4A07-93A0-2CC065DCC8F3}.Debug|Any CPU.ActiveCfg = Debug|x86
		{4F2C9DBA-67DB-4A07-93A0-2CC065DCC8F3}.Debug|x86.ActiveCfg = Debug|x86
		{4F2C9DBA-67DB-4A07-93A0-2CC065DCC8F3}.Debug|x86.Build.0 = Debug|x86
		{4F2C9DBA-67DB-4A07-93A0-2CC065DCC8F3}.Release|Any CPU.ActiveCfg = Release|x86
		{4F2C9DBA-67DB-4A07-93A0-2CC065DCC8F3}.Release|x86.ActiveCfg = Release|x86
		{4F2C9DBA-67DB-4A07-93A0-2CC065DCC8F3}.Release|x86.Build.0 = Release|x86
		{22710E71-E104-4B90-8BAF-98B69916ACF4}.Debug|Any CPU.ActiveCfg = Debug|Any CPU
		{22710E71-E104-4B90-8BAF-98B69916ACF4}.Debug|Any CPU.Build.0 = Debug|Any CPU
		{22710E71-E104-4B90-8BAF-98B69916ACF4}.Debug|x86.ActiveCfg = Debug|Any CPU
		{22710E71-E104-4B90-8BAF-98B69916ACF4}.Debug|x86.Build.0 = Debug|Any CPU
		{22710E71-E104-4B90-8BAF-98B69916ACF4}.Release|Any CPU.ActiveCfg = Release|Any CPU
		{22710E71-E104-4B90-8BAF-98B69916ACF4}.Release|Any CPU.Build.0 = Release|Any CPU
		{22710E71-E104-4B90-8BAF-98B69916ACF4}.Release|x86.ActiveCfg = Release|Any CPU
		{22710E71-E104-4B90-8BAF-98B69916ACF4}.Release|x86.Build.0 = Release|Any CPU
		{47C5C8DE-534A-4BE6-81F3-272A724718B0}.Debug|Any CPU.ActiveCfg = Debug|Any CPU
		{47C5C8DE-534A-4BE6-81F3-272A724718B0}.Debug|Any CPU.Build.0 = Debug|Any CPU
		{47C5C8DE-534A-4BE6-81F3-272A724718B0}.Debug|x86.ActiveCfg = Debug|Any CPU
		{47C5C8DE-534A-4BE6-81F3-272A724718B0}.Debug|x86.Build.0 = Debug|Any CPU
		{47C5C8DE-534A-4BE6-81F3-272A724718B0}.Release|Any CPU.ActiveCfg = Release|Any CPU
		{47C5C8DE-534A-4BE6-81F3-272A724718B0}.Release|Any CPU.Build.0 = Release|Any CPU
		{47C5C8DE-534A-4BE6-81F3-272A724718B0}.Release|x86.ActiveCfg = Release|Any CPU
		{47C5C8DE-534A-4BE6-81F3-272A724718B0}.Release|x86.Build.0 = Release|Any CPU
		{93FCF9E4-1362-4E2B-BA55-BDA8F2856FC1}.Debug|Any CPU.ActiveCfg = Debug|Any CPU
		{93FCF9E4-1362-4E2B-BA55-BDA8F2856FC1}.Debug|Any CPU.Build.0 = Debug|Any CPU
		{93FCF9E4-1362-4E2B-BA55-BDA8F2856FC1}.Debug|x86.ActiveCfg = Debug|Any CPU
		{93FCF9E4-1362-4E2B-BA55-BDA8F2856FC1}.Debug|x86.Build.0 = Debug|Any CPU
		{93FCF9E4-1362-4E2B-BA55-BDA8F2856FC1}.Release|Any CPU.ActiveCfg = Release|Any CPU
		{93FCF9E4-1362-4E2B-BA55-BDA8F2856FC1}.Release|Any CPU.Build.0 = Release|Any CPU
		{93FCF9E4-1362-4E2B-BA55-BDA8F2856FC1}.Release|x86.ActiveCfg = Release|Any CPU
		{93FCF9E4-1362-4E2B-BA55-BDA8F2856FC1}.Release|x86.Build.0 = Release|Any CPU
		{202B5187-5E48-4347-BC56-A07B34FC231B}.Debug|Any CPU.ActiveCfg = Debug|Any CPU
		{202B5187-5E48-4347-BC56-A07B34FC231B}.Debug|Any CPU.Build.0 = Debug|Any CPU
		{202B5187-5E48-4347-BC56-A07B34FC231B}.Debug|x86.ActiveCfg = Debug|Any CPU
		{202B5187-5E48-4347-BC56-A07B34FC231B}.Debug|x86.Build.0 = Debug|Any CPU
		{202B5187-5E48-4347-BC56-A07B34FC231B}.Release|Any CPU.ActiveCfg = Release|Any CPU
		{202B5187-5E48-4347-BC56-A07B34FC231B}.Release|Any CPU.Build.0 = Release|Any CPU
		{202B5187-5E48-4347-BC56-A07B34FC231B}.Release|x86.ActiveCfg = Release|Any CPU
		{202B5187-5E48-4347-BC56-A07B34FC231B}.Release|x86.Build.0 = Release|Any CPU
		{ED4604BF-F7FD-4300-B9CB-2D954D40D8B2}.Debug|Any CPU.ActiveCfg = Debug|Any CPU
		{ED4604BF-F7FD-4300-B9CB-2D954D40D8B2}.Debug|Any CPU.Build.0 = Debug|Any CPU
		{ED4604BF-F7FD-4300-B9CB-2D954D40D8B2}.Debug|x86.ActiveCfg = Debug|Any CPU
		{ED4604BF-F7FD-4300-B9CB-2D954D40D8B2}.Debug|x86.Build.0 = Debug|Any CPU
		{ED4604BF-F7FD-4300-B9CB-2D954D40D8B2}.Release|Any CPU.ActiveCfg = Release|Any CPU
		{ED4604BF-F7FD-4300-B9CB-2D954D40D8B2}.Release|Any CPU.Build.0 = Release|Any CPU
		{ED4604BF-F7FD-4300-B9CB-2D954D40D8B2}.Release|x86.ActiveCfg = Release|Any CPU
		{ED4604BF-F7FD-4300-B9CB-2D954D40D8B2}.Release|x86.Build.0 = Release|Any CPU
		{7D942849-7ADD-4D61-B4C2-F86E8DA595D9}.Debug|Any CPU.ActiveCfg = Debug|Any CPU
		{7D942849-7ADD-4D61-B4C2-F86E8DA595D9}.Debug|Any CPU.Build.0 = Debug|Any CPU
		{7D942849-7ADD-4D61-B4C2-F86E8DA595D9}.Debug|x86.ActiveCfg = Debug|Any CPU
		{7D942849-7ADD-4D61-B4C2-F86E8DA595D9}.Debug|x86.Build.0 = Debug|Any CPU
		{7D942849-7ADD-4D61-B4C2-F86E8DA595D9}.Release|Any CPU.ActiveCfg = Release|Any CPU
		{7D942849-7ADD-4D61-B4C2-F86E8DA595D9}.Release|Any CPU.Build.0 = Release|Any CPU
		{7D942849-7ADD-4D61-B4C2-F86E8DA595D9}.Release|x86.ActiveCfg = Release|Any CPU
		{7D942849-7ADD-4D61-B4C2-F86E8DA595D9}.Release|x86.Build.0 = Release|Any CPU
		{8DA14052-DB9F-473D-8DE3-F615B6128EBF}.Debug|Any CPU.ActiveCfg = Debug|Any CPU
		{8DA14052-DB9F-473D-8DE3-F615B6128EBF}.Debug|Any CPU.Build.0 = Debug|Any CPU
		{8DA14052-DB9F-473D-8DE3-F615B6128EBF}.Debug|x86.ActiveCfg = Debug|Any CPU
		{8DA14052-DB9F-473D-8DE3-F615B6128EBF}.Debug|x86.Build.0 = Debug|Any CPU
		{8DA14052-DB9F-473D-8DE3-F615B6128EBF}.Release|Any CPU.ActiveCfg = Release|Any CPU
		{8DA14052-DB9F-473D-8DE3-F615B6128EBF}.Release|Any CPU.Build.0 = Release|Any CPU
		{8DA14052-DB9F-473D-8DE3-F615B6128EBF}.Release|x86.ActiveCfg = Release|Any CPU
		{8DA14052-DB9F-473D-8DE3-F615B6128EBF}.Release|x86.Build.0 = Release|Any CPU
		{85A8D661-4887-4F51-9F93-A879E25AA0E9}.Debug|Any CPU.ActiveCfg = Debug|Any CPU
		{85A8D661-4887-4F51-9F93-A879E25AA0E9}.Debug|Any CPU.Build.0 = Debug|Any CPU
		{85A8D661-4887-4F51-9F93-A879E25AA0E9}.Debug|x86.ActiveCfg = Debug|Any CPU
		{85A8D661-4887-4F51-9F93-A879E25AA0E9}.Debug|x86.Build.0 = Debug|Any CPU
		{85A8D661-4887-4F51-9F93-A879E25AA0E9}.Release|Any CPU.ActiveCfg = Release|Any CPU
		{85A8D661-4887-4F51-9F93-A879E25AA0E9}.Release|Any CPU.Build.0 = Release|Any CPU
		{85A8D661-4887-4F51-9F93-A879E25AA0E9}.Release|x86.ActiveCfg = Release|Any CPU
		{85A8D661-4887-4F51-9F93-A879E25AA0E9}.Release|x86.Build.0 = Release|Any CPU
		{AD1CFE4B-050E-4EE3-A6D8-9441BEB96413}.Debug|Any CPU.ActiveCfg = Debug|Any CPU
		{AD1CFE4B-050E-4EE3-A6D8-9441BEB96413}.Debug|Any CPU.Build.0 = Debug|Any CPU
		{AD1CFE4B-050E-4EE3-A6D8-9441BEB96413}.Debug|x86.ActiveCfg = Debug|Any CPU
		{AD1CFE4B-050E-4EE3-A6D8-9441BEB96413}.Debug|x86.Build.0 = Debug|Any CPU
		{AD1CFE4B-050E-4EE3-A6D8-9441BEB96413}.Release|Any CPU.ActiveCfg = Release|Any CPU
		{AD1CFE4B-050E-4EE3-A6D8-9441BEB96413}.Release|Any CPU.Build.0 = Release|Any CPU
		{AD1CFE4B-050E-4EE3-A6D8-9441BEB96413}.Release|x86.ActiveCfg = Release|Any CPU
		{AD1CFE4B-050E-4EE3-A6D8-9441BEB96413}.Release|x86.Build.0 = Release|Any CPU
		{10CF8AD6-81EE-4F4B-BA29-3C6153027B28}.Debug|Any CPU.ActiveCfg = Debug|Any CPU
		{10CF8AD6-81EE-4F4B-BA29-3C6153027B28}.Debug|Any CPU.Build.0 = Debug|Any CPU
		{10CF8AD6-81EE-4F4B-BA29-3C6153027B28}.Debug|x86.ActiveCfg = Debug|Any CPU
		{10CF8AD6-81EE-4F4B-BA29-3C6153027B28}.Debug|x86.Build.0 = Debug|Any CPU
		{10CF8AD6-81EE-4F4B-BA29-3C6153027B28}.Release|Any CPU.ActiveCfg = Release|Any CPU
		{10CF8AD6-81EE-4F4B-BA29-3C6153027B28}.Release|Any CPU.Build.0 = Release|Any CPU
		{10CF8AD6-81EE-4F4B-BA29-3C6153027B28}.Release|x86.ActiveCfg = Release|Any CPU
		{10CF8AD6-81EE-4F4B-BA29-3C6153027B28}.Release|x86.Build.0 = Release|Any CPU
		{9CDAD45F-EA5D-4D52-8441-234D3CEE2F70}.Debug|Any CPU.ActiveCfg = Debug|Any CPU
		{9CDAD45F-EA5D-4D52-8441-234D3CEE2F70}.Debug|Any CPU.Build.0 = Debug|Any CPU
		{9CDAD45F-EA5D-4D52-8441-234D3CEE2F70}.Debug|x86.ActiveCfg = Debug|Any CPU
		{9CDAD45F-EA5D-4D52-8441-234D3CEE2F70}.Debug|x86.Build.0 = Debug|Any CPU
		{9CDAD45F-EA5D-4D52-8441-234D3CEE2F70}.Release|Any CPU.ActiveCfg = Release|Any CPU
		{9CDAD45F-EA5D-4D52-8441-234D3CEE2F70}.Release|Any CPU.Build.0 = Release|Any CPU
		{9CDAD45F-EA5D-4D52-8441-234D3CEE2F70}.Release|x86.ActiveCfg = Release|Any CPU
		{9CDAD45F-EA5D-4D52-8441-234D3CEE2F70}.Release|x86.Build.0 = Release|Any CPU
		{A5CEBEFC-5CCD-4458-8CF2-DAD9D0E85B43}.Debug|Any CPU.ActiveCfg = Debug|Any CPU
		{A5CEBEFC-5CCD-4458-8CF2-DAD9D0E85B43}.Debug|Any CPU.Build.0 = Debug|Any CPU
		{A5CEBEFC-5CCD-4458-8CF2-DAD9D0E85B43}.Debug|x86.ActiveCfg = Debug|Any CPU
		{A5CEBEFC-5CCD-4458-8CF2-DAD9D0E85B43}.Debug|x86.Build.0 = Debug|Any CPU
		{A5CEBEFC-5CCD-4458-8CF2-DAD9D0E85B43}.Release|Any CPU.ActiveCfg = Release|Any CPU
		{A5CEBEFC-5CCD-4458-8CF2-DAD9D0E85B43}.Release|Any CPU.Build.0 = Release|Any CPU
		{A5CEBEFC-5CCD-4458-8CF2-DAD9D0E85B43}.Release|x86.ActiveCfg = Release|Any CPU
		{A5CEBEFC-5CCD-4458-8CF2-DAD9D0E85B43}.Release|x86.Build.0 = Release|Any CPU
	EndGlobalSection
	GlobalSection(SolutionProperties) = preSolution
		HideSolutionNode = FALSE
	EndGlobalSection
	GlobalSection(NestedProjects) = preSolution
		{4F2C9DBA-67DB-4A07-93A0-2CC065DCC8F3} = {1E2F93F4-0364-4F41-957E-DA04DE220D00}
		{22710E71-E104-4B90-8BAF-98B69916ACF4} = {1E2F93F4-0364-4F41-957E-DA04DE220D00}
		{47C5C8DE-534A-4BE6-81F3-272A724718B0} = {1E2F93F4-0364-4F41-957E-DA04DE220D00}
		{93FCF9E4-1362-4E2B-BA55-BDA8F2856FC1} = {F8F3C268-A063-412F-91DA-3D7416393A95}
		{202B5187-5E48-4347-BC56-A07B34FC231B} = {F8F3C268-A063-412F-91DA-3D7416393A95}
		{ED4604BF-F7FD-4300-B9CB-2D954D40D8B2} = {F8F3C268-A063-412F-91DA-3D7416393A95}
		{7D942849-7ADD-4D61-B4C2-F86E8DA595D9} = {03B24AD3-CFA5-4938-8167-67FDCBCFF2A2}
		{8DA14052-DB9F-473D-8DE3-F615B6128EBF} = {03B24AD3-CFA5-4938-8167-67FDCBCFF2A2}
		{85A8D661-4887-4F51-9F93-A879E25AA0E9} = {03B24AD3-CFA5-4938-8167-67FDCBCFF2A2}
		{AD1CFE4B-050E-4EE3-A6D8-9441BEB96413} = {03B24AD3-CFA5-4938-8167-67FDCBCFF2A2}
		{10CF8AD6-81EE-4F4B-BA29-3C6153027B28} = {03B24AD3-CFA5-4938-8167-67FDCBCFF2A2}
		{9CDAD45F-EA5D-4D52-8441-234D3CEE2F70} = {03B24AD3-CFA5-4938-8167-67FDCBCFF2A2}
		{A5CEBEFC-5CCD-4458-8CF2-DAD9D0E85B43} = {03B24AD3-CFA5-4938-8167-67FDCBCFF2A2}
	EndGlobalSection
EndGlobal
