
Microsoft Visual Studio Solution File, Format Version 12.00
# Visual Studio 14
VisualStudioVersion = 14.0.25420.1
MinimumVisualStudioVersion = 10.0.40219.1
Project("{2150E333-8FDC-42A3-9474-1A3956D46DE8}") = "01_StartUp", "01_StartUp", "{1E2F93F4-0364-4F41-957E-DA04DE220D00}"
EndProject
Project("{2150E333-8FDC-42A3-9474-1A3956D46DE8}") = "20_DBTool", "20_DBTool", "{9C3D0848-3161-4CA6-87CC-77FF394E8A5A}"
EndProject
Project("{FAE04EC0-301F-11D3-BF4B-00C04F79EFBC}") = "Breezee.WorkHelper.DBTool.UI", "Breezee.WorkHelper.DBTool.UI\Breezee.WorkHelper.DBTool.UI.csproj", "{9CDAD45F-EA5D-4D52-8441-234D3CEE2F70}"
	ProjectSection(ProjectDependencies) = postProject
		{7D942849-7ADD-4D61-B4C2-F86E8DA595D9} = {7D942849-7ADD-4D61-B4C2-F86E8DA595D9}
		{AD1CFE4B-050E-4EE3-A6D8-9441BEB96413} = {AD1CFE4B-050E-4EE3-A6D8-9441BEB96413}
		{10CF8AD6-81EE-4F4B-BA29-3C6153027B28} = {10CF8AD6-81EE-4F4B-BA29-3C6153027B28}
	EndProjectSection
EndProject
Project("{FAE04EC0-301F-11D3-BF4B-00C04F79EFBC}") = "Breezee.WorkHelper.DBTool.BUS", "Breezee.WorkHelper.DBTool.BUS\Breezee.WorkHelper.DBTool.BUS.csproj", "{7D942849-7ADD-4D61-B4C2-F86E8DA595D9}"
	ProjectSection(ProjectDependencies) = postProject
		{85A8D661-4887-4F51-9F93-A879E25AA0E9} = {85A8D661-4887-4F51-9F93-A879E25AA0E9}
	EndProjectSection
EndProject
Project("{FAE04EC0-301F-11D3-BF4B-00C04F79EFBC}") = "Breezee.WorkHelper.DBTool.Entity", "Breezee.WorkHelper.DBTool.Entity\Breezee.WorkHelper.DBTool.Entity.csproj", "{85A8D661-4887-4F51-9F93-A879E25AA0E9}"
EndProject
Project("{FAE04EC0-301F-11D3-BF4B-00C04F79EFBC}") = "Breezee.WorkHelper.DBTool.INF", "Breezee.WorkHelper.DBTool.INF\Breezee.WorkHelper.DBTool.INF.csproj", "{10CF8AD6-81EE-4F4B-BA29-3C6153027B28}"
EndProject
Project("{FAE04EC0-301F-11D3-BF4B-00C04F79EFBC}") = "Breezee.WorkHelper.DBTool.IDAC", "Breezee.WorkHelper.DBTool.IDAC\Breezee.WorkHelper.DBTool.IDAC.csproj", "{AD1CFE4B-050E-4EE3-A6D8-9441BEB96413}"
EndProject
Project("{FAE04EC0-301F-11D3-BF4B-00C04F79EFBC}") = "Breezee.WorkHelper.DBTool.DAC.SQLite", "Breezee.WorkHelper.DBTool.DAC.SQLite\Breezee.WorkHelper.DBTool.DAC.SQLite.csproj", "{A5CEBEFC-5CCD-4458-8CF2-DAD9D0E85B43}"
	ProjectSection(ProjectDependencies) = postProject
		{8DA14052-DB9F-473D-8DE3-F615B6128EBF} = {8DA14052-DB9F-473D-8DE3-F615B6128EBF}
		{10CF8AD6-81EE-4F4B-BA29-3C6153027B28} = {10CF8AD6-81EE-4F4B-BA29-3C6153027B28}
	EndProjectSection
EndProject
Project("{FAE04EC0-301F-11D3-BF4B-00C04F79EFBC}") = "Breezee.Framework.StartUp", "..\..\01_Framework\StartUp\Breezee.Framework.StartUp\Breezee.Framework.StartUp.csproj", "{81817913-C3EC-4100-880D-0F3008277D42}"
EndProject
Project("{FAE04EC0-301F-11D3-BF4B-00C04F79EFBC}") = "Breezee.WorkHelper.DBTool.DAC", "Breezee.WorkHelper.DBTool.DAC\Breezee.WorkHelper.DBTool.DAC.csproj", "{8DA14052-DB9F-473D-8DE3-F615B6128EBF}"
EndProject
Project("{FAE04EC0-301F-11D3-BF4B-00C04F79EFBC}") = "Breezee.WorkHelper.DBTool.DAC.SqlServer", "Breezee.WorkHelper.DBTool.DAC.SqlServer\Breezee.WorkHelper.DBTool.DAC.SqlServer.csproj", "{4418DD1A-4B8F-4E09-82EC-4070B111970B}"
	ProjectSection(ProjectDependencies) = postProject
		{8DA14052-DB9F-473D-8DE3-F615B6128EBF} = {8DA14052-DB9F-473D-8DE3-F615B6128EBF}
		{10CF8AD6-81EE-4F4B-BA29-3C6153027B28} = {10CF8AD6-81EE-4F4B-BA29-3C6153027B28}
	EndProjectSection
EndProject
Project("{FAE04EC0-301F-11D3-BF4B-00C04F79EFBC}") = "Breezee.Framework.Tool", "..\..\01_Framework\Tool\Breezee.Framework.Tool\Breezee.Framework.Tool.csproj", "{5EDEF264-AB75-4B43-9937-F785AB601857}"
EndProject
Project("{FAE04EC0-301F-11D3-BF4B-00C04F79EFBC}") = "Breezee.Framework.WebService", "..\..\01_Framework\WebService\Breezee.Framework.WebService\Breezee.Framework.WebService.csproj", "{3C83FF92-A6AA-47DB-9A41-0F962D759955}"
EndProject
Global
	GlobalSection(SolutionConfigurationPlatforms) = preSolution
		Debug|Any CPU = Debug|Any CPU
		Debug|x86 = Debug|x86
		Release|Any CPU = Release|Any CPU
		Release|x86 = Release|x86
	EndGlobalSection
	GlobalSection(ProjectConfigurationPlatforms) = postSolution
		{9CDAD45F-EA5D-4D52-8441-234D3CEE2F70}.Debug|Any CPU.ActiveCfg = Debug|Any CPU
		{9CDAD45F-EA5D-4D52-8441-234D3CEE2F70}.Debug|Any CPU.Build.0 = Debug|Any CPU
		{9CDAD45F-EA5D-4D52-8441-234D3CEE2F70}.Debug|x86.ActiveCfg = Debug|Any CPU
		{9CDAD45F-EA5D-4D52-8441-234D3CEE2F70}.Debug|x86.Build.0 = Debug|Any CPU
		{9CDAD45F-EA5D-4D52-8441-234D3CEE2F70}.Release|Any CPU.ActiveCfg = Release|Any CPU
		{9CDAD45F-EA5D-4D52-8441-234D3CEE2F70}.Release|Any CPU.Build.0 = Release|Any CPU
		{9CDAD45F-EA5D-4D52-8441-234D3CEE2F70}.Release|x86.ActiveCfg = Release|Any CPU
		{9CDAD45F-EA5D-4D52-8441-234D3CEE2F70}.Release|x86.Build.0 = Release|Any CPU
		{7D942849-7ADD-4D61-B4C2-F86E8DA595D9}.Debug|Any CPU.ActiveCfg = Debug|Any CPU
		{7D942849-7ADD-4D61-B4C2-F86E8DA595D9}.Debug|Any CPU.Build.0 = Debug|Any CPU
		{7D942849-7ADD-4D61-B4C2-F86E8DA595D9}.Debug|x86.ActiveCfg = Debug|Any CPU
		{7D942849-7ADD-4D61-B4C2-F86E8DA595D9}.Debug|x86.Build.0 = Debug|Any CPU
		{7D942849-7ADD-4D61-B4C2-F86E8DA595D9}.Release|Any CPU.ActiveCfg = Release|Any CPU
		{7D942849-7ADD-4D61-B4C2-F86E8DA595D9}.Release|Any CPU.Build.0 = Release|Any CPU
		{7D942849-7ADD-4D61-B4C2-F86E8DA595D9}.Release|x86.ActiveCfg = Release|Any CPU
		{7D942849-7ADD-4D61-B4C2-F86E8DA595D9}.Release|x86.Build.0 = Release|Any CPU
		{85A8D661-4887-4F51-9F93-A879E25AA0E9}.Debug|Any CPU.ActiveCfg = Debug|Any CPU
		{85A8D661-4887-4F51-9F93-A879E25AA0E9}.Debug|Any CPU.Build.0 = Debug|Any CPU
		{85A8D661-4887-4F51-9F93-A879E25AA0E9}.Debug|x86.ActiveCfg = Debug|Any CPU
		{85A8D661-4887-4F51-9F93-A879E25AA0E9}.Debug|x86.Build.0 = Debug|Any CPU
		{85A8D661-4887-4F51-9F93-A879E25AA0E9}.Release|Any CPU.ActiveCfg = Release|Any CPU
		{85A8D661-4887-4F51-9F93-A879E25AA0E9}.Release|Any CPU.Build.0 = Release|Any CPU
		{85A8D661-4887-4F51-9F93-A879E25AA0E9}.Release|x86.ActiveCfg = Release|Any CPU
		{85A8D661-4887-4F51-9F93-A879E25AA0E9}.Release|x86.Build.0 = Release|Any CPU
		{10CF8AD6-81EE-4F4B-BA29-3C6153027B28}.Debug|Any CPU.ActiveCfg = Debug|Any CPU
		{10CF8AD6-81EE-4F4B-BA29-3C6153027B28}.Debug|Any CPU.Build.0 = Debug|Any CPU
		{10CF8AD6-81EE-4F4B-BA29-3C6153027B28}.Debug|x86.ActiveCfg = Debug|Any CPU
		{10CF8AD6-81EE-4F4B-BA29-3C6153027B28}.Debug|x86.Build.0 = Debug|Any CPU
		{10CF8AD6-81EE-4F4B-BA29-3C6153027B28}.Release|Any CPU.ActiveCfg = Release|Any CPU
		{10CF8AD6-81EE-4F4B-BA29-3C6153027B28}.Release|Any CPU.Build.0 = Release|Any CPU
		{10CF8AD6-81EE-4F4B-BA29-3C6153027B28}.Release|x86.ActiveCfg = Release|Any CPU
		{10CF8AD6-81EE-4F4B-BA29-3C6153027B28}.Release|x86.Build.0 = Release|Any CPU
		{AD1CFE4B-050E-4EE3-A6D8-9441BEB96413}.Debug|Any CPU.ActiveCfg = Debug|Any CPU
		{AD1CFE4B-050E-4EE3-A6D8-9441BEB96413}.Debug|Any CPU.Build.0 = Debug|Any CPU
		{AD1CFE4B-050E-4EE3-A6D8-9441BEB96413}.Debug|x86.ActiveCfg = Debug|Any CPU
		{AD1CFE4B-050E-4EE3-A6D8-9441BEB96413}.Debug|x86.Build.0 = Debug|Any CPU
		{AD1CFE4B-050E-4EE3-A6D8-9441BEB96413}.Release|Any CPU.ActiveCfg = Release|Any CPU
		{AD1CFE4B-050E-4EE3-A6D8-9441BEB96413}.Release|Any CPU.Build.0 = Release|Any CPU
		{AD1CFE4B-050E-4EE3-A6D8-9441BEB96413}.Release|x86.ActiveCfg = Release|Any CPU
		{AD1CFE4B-050E-4EE3-A6D8-9441BEB96413}.Release|x86.Build.0 = Release|Any CPU
		{A5CEBEFC-5CCD-4458-8CF2-DAD9D0E85B43}.Debug|Any CPU.ActiveCfg = Debug|Any CPU
		{A5CEBEFC-5CCD-4458-8CF2-DAD9D0E85B43}.Debug|Any CPU.Build.0 = Debug|Any CPU
		{A5CEBEFC-5CCD-4458-8CF2-DAD9D0E85B43}.Debug|x86.ActiveCfg = Debug|Any CPU
		{A5CEBEFC-5CCD-4458-8CF2-DAD9D0E85B43}.Debug|x86.Build.0 = Debug|Any CPU
		{A5CEBEFC-5CCD-4458-8CF2-DAD9D0E85B43}.Release|Any CPU.ActiveCfg = Release|Any CPU
		{A5CEBEFC-5CCD-4458-8CF2-DAD9D0E85B43}.Release|Any CPU.Build.0 = Release|Any CPU
		{A5CEBEFC-5CCD-4458-8CF2-DAD9D0E85B43}.Release|x86.ActiveCfg = Release|Any CPU
		{A5CEBEFC-5CCD-4458-8CF2-DAD9D0E85B43}.Release|x86.Build.0 = Release|Any CPU
		{81817913-C3EC-4100-880D-0F3008277D42}.Debug|Any CPU.ActiveCfg = Debug|x86
		{81817913-C3EC-4100-880D-0F3008277D42}.Debug|x86.ActiveCfg = Debug|x86
		{81817913-C3EC-4100-880D-0F3008277D42}.Debug|x86.Build.0 = Debug|x86
		{81817913-C3EC-4100-880D-0F3008277D42}.Release|Any CPU.ActiveCfg = Release|x86
		{81817913-C3EC-4100-880D-0F3008277D42}.Release|x86.ActiveCfg = Release|x86
		{81817913-C3EC-4100-880D-0F3008277D42}.Release|x86.Build.0 = Release|x86
		{8DA14052-DB9F-473D-8DE3-F615B6128EBF}.Debug|Any CPU.ActiveCfg = Debug|Any CPU
		{8DA14052-DB9F-473D-8DE3-F615B6128EBF}.Debug|Any CPU.Build.0 = Debug|Any CPU
		{8DA14052-DB9F-473D-8DE3-F615B6128EBF}.Debug|x86.ActiveCfg = Debug|Any CPU
		{8DA14052-DB9F-473D-8DE3-F615B6128EBF}.Debug|x86.Build.0 = Debug|Any CPU
		{8DA14052-DB9F-473D-8DE3-F615B6128EBF}.Release|Any CPU.ActiveCfg = Release|Any CPU
		{8DA14052-DB9F-473D-8DE3-F615B6128EBF}.Release|Any CPU.Build.0 = Release|Any CPU
		{8DA14052-DB9F-473D-8DE3-F615B6128EBF}.Release|x86.ActiveCfg = Release|Any CPU
		{8DA14052-DB9F-473D-8DE3-F615B6128EBF}.Release|x86.Build.0 = Release|Any CPU
		{4418DD1A-4B8F-4E09-82EC-4070B111970B}.Debug|Any CPU.ActiveCfg = Debug|Any CPU
		{4418DD1A-4B8F-4E09-82EC-4070B111970B}.Debug|Any CPU.Build.0 = Debug|Any CPU
		{4418DD1A-4B8F-4E09-82EC-4070B111970B}.Debug|x86.ActiveCfg = Debug|Any CPU
		{4418DD1A-4B8F-4E09-82EC-4070B111970B}.Debug|x86.Build.0 = Debug|Any CPU
		{4418DD1A-4B8F-4E09-82EC-4070B111970B}.Release|Any CPU.ActiveCfg = Release|Any CPU
		{4418DD1A-4B8F-4E09-82EC-4070B111970B}.Release|Any CPU.Build.0 = Release|Any CPU
		{4418DD1A-4B8F-4E09-82EC-4070B111970B}.Release|x86.ActiveCfg = Release|Any CPU
		{4418DD1A-4B8F-4E09-82EC-4070B111970B}.Release|x86.Build.0 = Release|Any CPU
		{5EDEF264-AB75-4B43-9937-F785AB601857}.Debug|Any CPU.ActiveCfg = Debug|Any CPU
		{5EDEF264-AB75-4B43-9937-F785AB601857}.Debug|Any CPU.Build.0 = Debug|Any CPU
		{5EDEF264-AB75-4B43-9937-F785AB601857}.Debug|x86.ActiveCfg = Debug|Any CPU
		{5EDEF264-AB75-4B43-9937-F785AB601857}.Debug|x86.Build.0 = Debug|Any CPU
		{5EDEF264-AB75-4B43-9937-F785AB601857}.Release|Any CPU.ActiveCfg = Release|Any CPU
		{5EDEF264-AB75-4B43-9937-F785AB601857}.Release|Any CPU.Build.0 = Release|Any CPU
		{5EDEF264-AB75-4B43-9937-F785AB601857}.Release|x86.ActiveCfg = Release|Any CPU
		{5EDEF264-AB75-4B43-9937-F785AB601857}.Release|x86.Build.0 = Release|Any CPU
		{3C83FF92-A6AA-47DB-9A41-0F962D759955}.Debug|Any CPU.ActiveCfg = Debug|Any CPU
		{3C83FF92-A6AA-47DB-9A41-0F962D759955}.Debug|Any CPU.Build.0 = Debug|Any CPU
		{3C83FF92-A6AA-47DB-9A41-0F962D759955}.Debug|x86.ActiveCfg = Debug|Any CPU
		{3C83FF92-A6AA-47DB-9A41-0F962D759955}.Debug|x86.Build.0 = Debug|Any CPU
		{3C83FF92-A6AA-47DB-9A41-0F962D759955}.Release|Any CPU.ActiveCfg = Release|Any CPU
		{3C83FF92-A6AA-47DB-9A41-0F962D759955}.Release|Any CPU.Build.0 = Release|Any CPU
		{3C83FF92-A6AA-47DB-9A41-0F962D759955}.Release|x86.ActiveCfg = Release|Any CPU
		{3C83FF92-A6AA-47DB-9A41-0F962D759955}.Release|x86.Build.0 = Release|Any CPU
	EndGlobalSection
	GlobalSection(SolutionProperties) = preSolution
		HideSolutionNode = FALSE
	EndGlobalSection
	GlobalSection(NestedProjects) = preSolution
		{9CDAD45F-EA5D-4D52-8441-234D3CEE2F70} = {9C3D0848-3161-4CA6-87CC-77FF394E8A5A}
		{7D942849-7ADD-4D61-B4C2-F86E8DA595D9} = {9C3D0848-3161-4CA6-87CC-77FF394E8A5A}
		{85A8D661-4887-4F51-9F93-A879E25AA0E9} = {9C3D0848-3161-4CA6-87CC-77FF394E8A5A}
		{10CF8AD6-81EE-4F4B-BA29-3C6153027B28} = {9C3D0848-3161-4CA6-87CC-77FF394E8A5A}
		{AD1CFE4B-050E-4EE3-A6D8-9441BEB96413} = {9C3D0848-3161-4CA6-87CC-77FF394E8A5A}
		{A5CEBEFC-5CCD-4458-8CF2-DAD9D0E85B43} = {9C3D0848-3161-4CA6-87CC-77FF394E8A5A}
		{81817913-C3EC-4100-880D-0F3008277D42} = {1E2F93F4-0364-4F41-957E-DA04DE220D00}
		{8DA14052-DB9F-473D-8DE3-F615B6128EBF} = {9C3D0848-3161-4CA6-87CC-77FF394E8A5A}
		{4418DD1A-4B8F-4E09-82EC-4070B111970B} = {9C3D0848-3161-4CA6-87CC-77FF394E8A5A}
		{5EDEF264-AB75-4B43-9937-F785AB601857} = {1E2F93F4-0364-4F41-957E-DA04DE220D00}
		{3C83FF92-A6AA-47DB-9A41-0F962D759955} = {1E2F93F4-0364-4F41-957E-DA04DE220D00}
	EndGlobalSection
EndGlobal
